
Microsoft Visual Studio Solution File, Format Version 12.00
# Visual Studio Version 17
VisualStudioVersion = 17.9.34902.65
MinimumVisualStudioVersion = 10.0.40219.1
Project("{FAE04EC0-301F-11D3-BF4B-00C04F79EFBC}") = "PasswordSalt", "PasswordSalt\PasswordSalt.csproj", "{034560A5-A62C-479E-BA6E-138611D92ECF}"
EndProject
Global
	GlobalSection(SolutionConfigurationPlatforms) = preSolution
		Debug|Any CPU = Debug|Any CPU
		Release|Any CPU = Release|Any CPU
	EndGlobalSection
	GlobalSection(ProjectConfigurationPlatforms) = postSolution
		{034560A5-A62C-479E-BA6E-138611D92ECF}.Debug|Any CPU.ActiveCfg = Debug|Any CPU
		{034560A5-A62C-479E-BA6E-138611D92ECF}.Debug|Any CPU.Build.0 = Debug|Any CPU
		{034560A5-A62C-479E-BA6E-138611D92ECF}.Release|Any CPU.ActiveCfg = Release|Any CPU
		{034560A5-A62C-479E-BA6E-138611D92ECF}.Release|Any CPU.Build.0 = Release|Any CPU
	EndGlobalSection
	GlobalSection(SolutionProperties) = preSolution
		HideSolutionNode = FALSE
	EndGlobalSection
	GlobalSection(ExtensibilityGlobals) = postSolution
		SolutionGuid = {286E41EF-3F54-4069-ACE1-F2A993A0B34A}
	EndGlobalSection
EndGlobal
